// !$*UTF8*$!
{
	archiveVersion = 1;
	classes = {
	};
	objectVersion = 55;
	objects = {

/* Begin PBXBuildFile section */
		A95629C228871FAF00B519B8 /* AppDelegate.swift in Sources */ = {isa = PBXBuildFile; fileRef = A95629C128871FAF00B519B8 /* AppDelegate.swift */; };
		A95629C428871FAF00B519B8 /* SceneDelegate.swift in Sources */ = {isa = PBXBuildFile; fileRef = A95629C328871FAF00B519B8 /* SceneDelegate.swift */; };
		A95629C628871FAF00B519B8 /* ViewController.swift in Sources */ = {isa = PBXBuildFile; fileRef = A95629C528871FAF00B519B8 /* ViewController.swift */; };
		A95629C928871FAF00B519B8 /* Main.storyboard in Resources */ = {isa = PBXBuildFile; fileRef = A95629C728871FAF00B519B8 /* Main.storyboard */; };
		A95629CC28871FAF00B519B8 /* KlossysKloset.xcdatamodeld in Sources */ = {isa = PBXBuildFile; fileRef = A95629CA28871FAF00B519B8 /* KlossysKloset.xcdatamodeld */; };
		A95629CE28871FB000B519B8 /* Assets.xcassets in Resources */ = {isa = PBXBuildFile; fileRef = A95629CD28871FB000B519B8 /* Assets.xcassets */; };
		A95629D128871FB000B519B8 /* LaunchScreen.storyboard in Resources */ = {isa = PBXBuildFile; fileRef = A95629CF28871FB000B519B8 /* LaunchScreen.storyboard */; };
		A95629D92888756F00B519B8 /* Q1TableViewController.swift in Sources */ = {isa = PBXBuildFile; fileRef = A95629D82888756F00B519B8 /* Q1TableViewController.swift */; };
		A95629DB288878B500B519B8 /* Q2TableViewController.swift in Sources */ = {isa = PBXBuildFile; fileRef = A95629DA288878B500B519B8 /* Q2TableViewController.swift */; };
		A95629DD28899DF200B519B8 /* Q3ViewController.swift in Sources */ = {isa = PBXBuildFile; fileRef = A95629DC28899DF200B519B8 /* Q3ViewController.swift */; };
		A95629DF2889A2DC00B519B8 /* Q4ViewController.swift in Sources */ = {isa = PBXBuildFile; fileRef = A95629DE2889A2DC00B519B8 /* Q4ViewController.swift */; };
		A95629E12889A2F800B519B8 /* Q5ViewController.swift in Sources */ = {isa = PBXBuildFile; fileRef = A95629E02889A2F800B519B8 /* Q5ViewController.swift */; };
		A95629E32889A30900B519B8 /* Q6ViewController.swift in Sources */ = {isa = PBXBuildFile; fileRef = A95629E22889A30900B519B8 /* Q6ViewController.swift */; };
/* End PBXBuildFile section */

/* Begin PBXFileReference section */
		A95629BE28871FAF00B519B8 /* KlossysKloset.app */ = {isa = PBXFileReference; explicitFileType = wrapper.application; includeInIndex = 0; path = KlossysKloset.app; sourceTree = BUILT_PRODUCTS_DIR; };
		A95629C128871FAF00B519B8 /* AppDelegate.swift */ = {isa = PBXFileReference; lastKnownFileType = sourcecode.swift; path = AppDelegate.swift; sourceTree = "<group>"; };
		A95629C328871FAF00B519B8 /* SceneDelegate.swift */ = {isa = PBXFileReference; lastKnownFileType = sourcecode.swift; path = SceneDelegate.swift; sourceTree = "<group>"; };
		A95629C528871FAF00B519B8 /* ViewController.swift */ = {isa = PBXFileReference; lastKnownFileType = sourcecode.swift; path = ViewController.swift; sourceTree = "<group>"; };
		A95629C828871FAF00B519B8 /* Base */ = {isa = PBXFileReference; lastKnownFileType = file.storyboard; name = Base; path = Base.lproj/Main.storyboard; sourceTree = "<group>"; };
		A95629CB28871FAF00B519B8 /* KlossysKloset.xcdatamodel */ = {isa = PBXFileReference; lastKnownFileType = wrapper.xcdatamodel; path = KlossysKloset.xcdatamodel; sourceTree = "<group>"; };
		A95629CD28871FB000B519B8 /* Assets.xcassets */ = {isa = PBXFileReference; lastKnownFileType = folder.assetcatalog; path = Assets.xcassets; sourceTree = "<group>"; };
		A95629D028871FB000B519B8 /* Base */ = {isa = PBXFileReference; lastKnownFileType = file.storyboard; name = Base; path = Base.lproj/LaunchScreen.storyboard; sourceTree = "<group>"; };
		A95629D228871FB000B519B8 /* Info.plist */ = {isa = PBXFileReference; lastKnownFileType = text.plist.xml; path = Info.plist; sourceTree = "<group>"; };
		A95629D82888756F00B519B8 /* Q1TableViewController.swift */ = {isa = PBXFileReference; lastKnownFileType = sourcecode.swift; path = Q1TableViewController.swift; sourceTree = "<group>"; };
		A95629DA288878B500B519B8 /* Q2TableViewController.swift */ = {isa = PBXFileReference; lastKnownFileType = sourcecode.swift; path = Q2TableViewController.swift; sourceTree = "<group>"; };
		A95629DC28899DF200B519B8 /* Q3ViewController.swift */ = {isa = PBXFileReference; lastKnownFileType = sourcecode.swift; path = Q3ViewController.swift; sourceTree = "<group>"; };
		A95629DE2889A2DC00B519B8 /* Q4ViewController.swift */ = {isa = PBXFileReference; lastKnownFileType = sourcecode.swift; path = Q4ViewController.swift; sourceTree = "<group>"; };
		A95629E02889A2F800B519B8 /* Q5ViewController.swift */ = {isa = PBXFileReference; lastKnownFileType = sourcecode.swift; path = Q5ViewController.swift; sourceTree = "<group>"; };
		A95629E22889A30900B519B8 /* Q6ViewController.swift */ = {isa = PBXFileReference; lastKnownFileType = sourcecode.swift; path = Q6ViewController.swift; sourceTree = "<group>"; };
/* End PBXFileReference section */

/* Begin PBXFrameworksBuildPhase section */
		A95629BB28871FAF00B519B8 /* Frameworks */ = {
			isa = PBXFrameworksBuildPhase;
			buildActionMask = 2147483647;
			files = (
			);
			runOnlyForDeploymentPostprocessing = 0;
		};
/* End PBXFrameworksBuildPhase section */

/* Begin PBXGroup section */
		A95629B528871FAF00B519B8 = {
			isa = PBXGroup;
			children = (
				A95629C028871FAF00B519B8 /* KlossysKloset */,
				A95629BF28871FAF00B519B8 /* Products */,
			);
			sourceTree = "<group>";
		};
		A95629BF28871FAF00B519B8 /* Products */ = {
			isa = PBXGroup;
			children = (
				A95629BE28871FAF00B519B8 /* KlossysKloset.app */,
			);
			name = Products;
			sourceTree = "<group>";
		};
		A95629C028871FAF00B519B8 /* KlossysKloset */ = {
			isa = PBXGroup;
			children = (
				A95629C128871FAF00B519B8 /* AppDelegate.swift */,
				A95629C328871FAF00B519B8 /* SceneDelegate.swift */,
				A95629C528871FAF00B519B8 /* ViewController.swift */,
				A95629C728871FAF00B519B8 /* Main.storyboard */,
				A95629E22889A30900B519B8 /* Q6ViewController.swift */,
				A95629E02889A2F800B519B8 /* Q5ViewController.swift */,
				A95629DE2889A2DC00B519B8 /* Q4ViewController.swift */,
				A95629DC28899DF200B519B8 /* Q3ViewController.swift */,
				A95629DA288878B500B519B8 /* Q2TableViewController.swift */,
				A95629D82888756F00B519B8 /* Q1TableViewController.swift */,
				A95629CD28871FB000B519B8 /* Assets.xcassets */,
				A95629CF28871FB000B519B8 /* LaunchScreen.storyboard */,
				A95629D228871FB000B519B8 /* Info.plist */,
				A95629CA28871FAF00B519B8 /* KlossysKloset.xcdatamodeld */,
			);
			path = KlossysKloset;
			sourceTree = "<group>";
		};
/* End PBXGroup section */

/* Begin PBXNativeTarget section */
		A95629BD28871FAF00B519B8 /* KlossysKloset */ = {
			isa = PBXNativeTarget;
			buildConfigurationList = A95629D528871FB000B519B8 /* Build configuration list for PBXNativeTarget "KlossysKloset" */;
			buildPhases = (
				A95629BA28871FAF00B519B8 /* Sources */,
				A95629BB28871FAF00B519B8 /* Frameworks */,
				A95629BC28871FAF00B519B8 /* Resources */,
			);
			buildRules = (
			);
			dependencies = (
			);
			name = KlossysKloset;
			productName = KlossysKloset;
			productReference = A95629BE28871FAF00B519B8 /* KlossysKloset.app */;
			productType = "com.apple.product-type.application";
		};
/* End PBXNativeTarget section */

/* Begin PBXProject section */
		A95629B628871FAF00B519B8 /* Project object */ = {
			isa = PBXProject;
			attributes = {
				BuildIndependentTargetsInParallel = 1;
				LastSwiftUpdateCheck = 1340;
				LastUpgradeCheck = 1340;
				TargetAttributes = {
					A95629BD28871FAF00B519B8 = {
						CreatedOnToolsVersion = 13.4.1;
					};
				};
			};
			buildConfigurationList = A95629B928871FAF00B519B8 /* Build configuration list for PBXProject "KlossysKloset" */;
			compatibilityVersion = "Xcode 13.0";
			developmentRegion = en;
			hasScannedForEncodings = 0;
			knownRegions = (
				en,
				Base,
			);
			mainGroup = A95629B528871FAF00B519B8;
			productRefGroup = A95629BF28871FAF00B519B8 /* Products */;
			projectDirPath = "";
			projectRoot = "";
			targets = (
				A95629BD28871FAF00B519B8 /* KlossysKloset */,
			);
		};
/* End PBXProject section */

/* Begin PBXResourcesBuildPhase section */
		A95629BC28871FAF00B519B8 /* Resources */ = {
			isa = PBXResourcesBuildPhase;
			buildActionMask = 2147483647;
			files = (
				A95629D128871FB000B519B8 /* LaunchScreen.storyboard in Resources */,
				A95629CE28871FB000B519B8 /* Assets.xcassets in Resources */,
				A95629C928871FAF00B519B8 /* Main.storyboard in Resources */,
			);
			runOnlyForDeploymentPostprocessing = 0;
		};
/* End PBXResourcesBuildPhase section */

/* Begin PBXSourcesBuildPhase section */
		A95629BA28871FAF00B519B8 /* Sources */ = {
			isa = PBXSourcesBuildPhase;
			buildActionMask = 2147483647;
			files = (
				A95629CC28871FAF00B519B8 /* KlossysKloset.xcdatamodeld in Sources */,
				A95629C628871FAF00B519B8 /* ViewController.swift in Sources */,
				A95629E12889A2F800B519B8 /* Q5ViewController.swift in Sources */,
				A95629C228871FAF00B519B8 /* AppDelegate.swift in Sources */,
				A95629D92888756F00B519B8 /* Q1TableViewController.swift in Sources */,
				A95629DB288878B500B519B8 /* Q2TableViewController.swift in Sources */,
				A95629DF2889A2DC00B519B8 /* Q4ViewController.swift in Sources */,
				A95629DD28899DF200B519B8 /* Q3ViewController.swift in Sources */,
				A95629C428871FAF00B519B8 /* SceneDelegate.swift in Sources */,
				A95629E32889A30900B519B8 /* Q6ViewController.swift in Sources */,
			);
			runOnlyForDeploymentPostprocessing = 0;
		};
/* End PBXSourcesBuildPhase section */

/* Begin PBXVariantGroup section */
		A95629C728871FAF00B519B8 /* Main.storyboard */ = {
			isa = PBXVariantGroup;
			children = (
				A95629C828871FAF00B519B8 /* Base */,
			);
			name = Main.storyboard;
			sourceTree = "<group>";
		};
		A95629CF28871FB000B519B8 /* LaunchScreen.storyboard */ = {
			isa = PBXVariantGroup;
			children = (
				A95629D028871FB000B519B8 /* Base */,
			);
			name = LaunchScreen.storyboard;
			sourceTree = "<group>";
		};
/* End PBXVariantGroup section */

/* Begin XCBuildConfiguration section */
		A95629D328871FB000B519B8 /* Debug */ = {
			isa = XCBuildConfiguration;
			buildSettings = {
				ALWAYS_SEARCH_USER_PATHS = NO;
				CLANG_ANALYZER_NONNULL = YES;
				CLANG_ANALYZER_NUMBER_OBJECT_CONVERSION = YES_AGGRESSIVE;
				CLANG_CXX_LANGUAGE_STANDARD = "gnu++17";
				CLANG_ENABLE_MODULES = YES;
				CLANG_ENABLE_OBJC_ARC = YES;
				CLANG_ENABLE_OBJC_WEAK = YES;
				CLANG_WARN_BLOCK_CAPTURE_AUTORELEASING = YES;
				CLANG_WARN_BOOL_CONVERSION = YES;
				CLANG_WARN_COMMA = YES;
				CLANG_WARN_CONSTANT_CONVERSION = YES;
				CLANG_WARN_DEPRECATED_OBJC_IMPLEMENTATIONS = YES;
				CLANG_WARN_DIRECT_OBJC_ISA_USAGE = YES_ERROR;
				CLANG_WARN_DOCUMENTATION_COMMENTS = YES;
				CLANG_WARN_EMPTY_BODY = YES;
				CLANG_WARN_ENUM_CONVERSION = YES;
				CLANG_WARN_INFINITE_RECURSION = YES;
				CLANG_WARN_INT_CONVERSION = YES;
				CLANG_WARN_NON_LITERAL_NULL_CONVERSION = YES;
				CLANG_WARN_OBJC_IMPLICIT_RETAIN_SELF = YES;
				CLANG_WARN_OBJC_LITERAL_CONVERSION = YES;
				CLANG_WARN_OBJC_ROOT_CLASS = YES_ERROR;
				CLANG_WARN_QUOTED_INCLUDE_IN_FRAMEWORK_HEADER = YES;
				CLANG_WARN_RANGE_LOOP_ANALYSIS = YES;
				CLANG_WARN_STRICT_PROTOTYPES = YES;
				CLANG_WARN_SUSPICIOUS_MOVE = YES;
				CLANG_WARN_UNGUARDED_AVAILABILITY = YES_AGGRESSIVE;
				CLANG_WARN_UNREACHABLE_CODE = YES;
				CLANG_WARN__DUPLICATE_METHOD_MATCH = YES;
				COPY_PHASE_STRIP = NO;
				DEBUG_INFORMATION_FORMAT = dwarf;
				ENABLE_STRICT_OBJC_MSGSEND = YES;
				ENABLE_TESTABILITY = YES;
				GCC_C_LANGUAGE_STANDARD = gnu11;
				GCC_DYNAMIC_NO_PIC = NO;
				GCC_NO_COMMON_BLOCKS = YES;
				GCC_OPTIMIZATION_LEVEL = 0;
				GCC_PREPROCESSOR_DEFINITIONS = (
					"DEBUG=1",
					"$(inherited)",
				);
				GCC_WARN_64_TO_32_BIT_CONVERSION = YES;
				GCC_WARN_ABOUT_RETURN_TYPE = YES_ERROR;
				GCC_WARN_UNDECLARED_SELECTOR = YES;
				GCC_WARN_UNINITIALIZED_AUTOS = YES_AGGRESSIVE;
				GCC_WARN_UNUSED_FUNCTION = YES;
				GCC_WARN_UNUSED_VARIABLE = YES;
				IPHONEOS_DEPLOYMENT_TARGET = 15.5;
				MTL_ENABLE_DEBUG_INFO = INCLUDE_SOURCE;
				MTL_FAST_MATH = YES;
				ONLY_ACTIVE_ARCH = YES;
				SDKROOT = iphoneos;
				SWIFT_ACTIVE_COMPILATION_CONDITIONS = DEBUG;
				SWIFT_OPTIMIZATION_LEVEL = "-Onone";
			};
			name = Debug;
		};
		A95629D428871FB000B519B8 /* Release */ = {
			isa = XCBuildConfiguration;
			buildSettings = {
				ALWAYS_SEARCH_USER_PATHS = NO;
				CLANG_ANALYZER_NONNULL = YES;
				CLANG_ANALYZER_NUMBER_OBJECT_CONVERSION = YES_AGGRESSIVE;
				CLANG_CXX_LANGUAGE_STANDARD = "gnu++17";
				CLANG_ENABLE_MODULES = YES;
				CLANG_ENABLE_OBJC_ARC = YES;
				CLANG_ENABLE_OBJC_WEAK = YES;
				CLANG_WARN_BLOCK_CAPTURE_AUTORELEASING = YES;
				CLANG_WARN_BOOL_CONVERSION = YES;
				CLANG_WARN_COMMA = YES;
				CLANG_WARN_CONSTANT_CONVERSION = YES;
				CLANG_WARN_DEPRECATED_OBJC_IMPLEMENTATIONS = YES;
				CLANG_WARN_DIRECT_OBJC_ISA_USAGE = YES_ERROR;
				CLANG_WARN_DOCUMENTATION_COMMENTS = YES;
				CLANG_WARN_EMPTY_BODY = YES;
				CLANG_WARN_ENUM_CONVERSION = YES;
				CLANG_WARN_INFINITE_RECURSION = YES;
				CLANG_WARN_INT_CONVERSION = YES;
				CLANG_WARN_NON_LITERAL_NULL_CONVERSION = YES;
				CLANG_WARN_OBJC_IMPLICIT_RETAIN_SELF = YES;
				CLANG_WARN_OBJC_LITERAL_CONVERSION = YES;
				CLANG_WARN_OBJC_ROOT_CLASS = YES_ERROR;
				CLANG_WARN_QUOTED_INCLUDE_IN_FRAMEWORK_HEADER = YES;
				CLANG_WARN_RANGE_LOOP_ANALYSIS = YES;
				CLANG_WARN_STRICT_PROTOTYPES = YES;
				CLANG_WARN_SUSPICIOUS_MOVE = YES;
				CLANG_WARN_UNGUARDED_AVAILABILITY = YES_AGGRESSIVE;
				CLANG_WARN_UNREACHABLE_CODE = YES;
				CLANG_WARN__DUPLICATE_METHOD_MATCH = YES;
				COPY_PHASE_STRIP = NO;
				DEBUG_INFORMATION_FORMAT = "dwarf-with-dsym";
				ENABLE_NS_ASSERTIONS = NO;
				ENABLE_STRICT_OBJC_MSGSEND = YES;
				GCC_C_LANGUAGE_STANDARD = gnu11;
				GCC_NO_COMMON_BLOCKS = YES;
				GCC_WARN_64_TO_32_BIT_CONVERSION = YES;
				GCC_WARN_ABOUT_RETURN_TYPE = YES_ERROR;
				GCC_WARN_UNDECLARED_SELECTOR = YES;
				GCC_WARN_UNINITIALIZED_AUTOS = YES_AGGRESSIVE;
				GCC_WARN_UNUSED_FUNCTION = YES;
				GCC_WARN_UNUSED_VARIABLE = YES;
				IPHONEOS_DEPLOYMENT_TARGET = 15.5;
				MTL_ENABLE_DEBUG_INFO = NO;
				MTL_FAST_MATH = YES;
				SDKROOT = iphoneos;
				SWIFT_COMPILATION_MODE = wholemodule;
				SWIFT_OPTIMIZATION_LEVEL = "-O";
				VALIDATE_PRODUCT = YES;
			};
			name = Release;
		};
		A95629D628871FB000B519B8 /* Debug */ = {
			isa = XCBuildConfiguration;
			buildSettings = {
				ASSETCATALOG_COMPILER_APPICON_NAME = AppIcon;
				ASSETCATALOG_COMPILER_GLOBAL_ACCENT_COLOR_NAME = AccentColor;
				CODE_SIGN_STYLE = Automatic;
				CURRENT_PROJECT_VERSION = 1;
				GENERATE_INFOPLIST_FILE = YES;
				INFOPLIST_FILE = KlossysKloset/Info.plist;
				INFOPLIST_KEY_UIApplicationSupportsIndirectInputEvents = YES;
				INFOPLIST_KEY_UILaunchStoryboardName = LaunchScreen;
				INFOPLIST_KEY_UIMainStoryboardFile = Main;
				INFOPLIST_KEY_UISupportedInterfaceOrientations_iPad = "UIInterfaceOrientationPortrait UIInterfaceOrientationPortraitUpsideDown UIInterfaceOrientationLandscapeLeft UIInterfaceOrientationLandscapeRight";
				INFOPLIST_KEY_UISupportedInterfaceOrientations_iPhone = "UIInterfaceOrientationPortrait UIInterfaceOrientationLandscapeLeft UIInterfaceOrientationLandscapeRight";
				LD_RUNPATH_SEARCH_PATHS = (
					"$(inherited)",
					"@executable_path/Frameworks",
				);
				MARKETING_VERSION = 1.0;
				PRODUCT_BUNDLE_IDENTIFIER = com.kwk.KlossysKloset;
				PRODUCT_NAME = "$(TARGET_NAME)";
				SWIFT_EMIT_LOC_STRINGS = YES;
				SWIFT_VERSION = 5.0;
				TARGETED_DEVICE_FAMILY = "1,2";
			};
			name = Debug;
		};
		A95629D728871FB000B519B8 /* Release */ = {
			isa = XCBuildConfiguration;
			buildSettings = {
				ASSETCATALOG_COMPILER_APPICON_NAME = AppIcon;
				ASSETCATALOG_COMPILER_GLOBAL_ACCENT_COLOR_NAME = AccentColor;
				CODE_SIGN_STYLE = Automatic;
				CURRENT_PROJECT_VERSION = 1;
				GENERATE_INFOPLIST_FILE = YES;
				INFOPLIST_FILE = KlossysKloset/Info.plist;
				INFOPLIST_KEY_UIApplicationSupportsIndirectInputEvents = YES;
				INFOPLIST_KEY_UILaunchStoryboardName = LaunchScreen;
				INFOPLIST_KEY_UIMainStoryboardFile = Main;
				INFOPLIST_KEY_UISupportedInterfaceOrientations_iPad = "UIInterfaceOrientationPortrait UIInterfaceOrientationPortraitUpsideDown UIInterfaceOrientationLandscapeLeft UIInterfaceOrientationLandscapeRight";
				INFOPLIST_KEY_UISupportedInterfaceOrientations_iPhone = "UIInterfaceOrientationPortrait UIInterfaceOrientationLandscapeLeft UIInterfaceOrientationLandscapeRight";
				LD_RUNPATH_SEARCH_PATHS = (
					"$(inherited)",
					"@executable_path/Frameworks",
				);
				MARKETING_VERSION = 1.0;
				PRODUCT_BUNDLE_IDENTIFIER = com.kwk.KlossysKloset;
				PRODUCT_NAME = "$(TARGET_NAME)";
				SWIFT_EMIT_LOC_STRINGS = YES;
				SWIFT_VERSION = 5.0;
				TARGETED_DEVICE_FAMILY = "1,2";
			};
			name = Release;
		};
/* End XCBuildConfiguration section */

/* Begin XCConfigurationList section */
		A95629B928871FAF00B519B8 /* Build configuration list for PBXProject "KlossysKloset" */ = {
			isa = XCConfigurationList;
			buildConfigurations = (
				A95629D328871FB000B519B8 /* Debug */,
				A95629D428871FB000B519B8 /* Release */,
			);
			defaultConfigurationIsVisible = 0;
			defaultConfigurationName = Release;
		};
		A95629D528871FB000B519B8 /* Build configuration list for PBXNativeTarget "KlossysKloset" */ = {
			isa = XCConfigurationList;
			buildConfigurations = (
				A95629D628871FB000B519B8 /* Debug */,
				A95629D728871FB000B519B8 /* Release */,
			);
			defaultConfigurationIsVisible = 0;
			defaultConfigurationName = Release;
		};
/* End XCConfigurationList section */

/* Begin XCVersionGroup section */
		A95629CA28871FAF00B519B8 /* KlossysKloset.xcdatamodeld */ = {
			isa = XCVersionGroup;
			children = (
				A95629CB28871FAF00B519B8 /* KlossysKloset.xcdatamodel */,
			);
			currentVersion = A95629CB28871FAF00B519B8 /* KlossysKloset.xcdatamodel */;
			path = KlossysKloset.xcdatamodeld;
			sourceTree = "<group>";
			versionGroupType = wrapper.xcdatamodel;
		};
/* End XCVersionGroup section */
	};
	rootObject = A95629B628871FAF00B519B8 /* Project object */;
}
